
Microsoft Visual Studio Solution File, Format Version 12.00
# Visual Studio 15
VisualStudioVersion = 15.0.27428.2005
MinimumVisualStudioVersion = 10.0.40219.1
Project("{9A19103F-16F7-4668-BE54-9A1E7A4F7556}") = "GrandBazaar.WebClient", "GrandBazaar.WebClient\GrandBazaar.WebClient.csproj", "{273084D8-2FAD-4F75-BC58-E0745024B254}"
EndProject
Project("{FAE04EC0-301F-11D3-BF4B-00C04F79EFBC}") = "GrandBazaar.Domain", "GrandBazaar.Domain\GrandBazaar.Domain.csproj", "{0D56B9FA-EF64-4E69-9043-0C7E557339D2}"
EndProject
Project("{FAE04EC0-301F-11D3-BF4B-00C04F79EFBC}") = "GrandBazaar.Common", "GrandBazaar.Common\GrandBazaar.Common.csproj", "{301E9315-4B32-41A2-8F78-983418ED8313}"
EndProject
Global
	GlobalSection(SolutionConfigurationPlatforms) = preSolution
		Debug|Any CPU = Debug|Any CPU
		Release|Any CPU = Release|Any CPU
	EndGlobalSection
	GlobalSection(ProjectConfigurationPlatforms) = postSolution
		{273084D8-2FAD-4F75-BC58-E0745024B254}.Debug|Any CPU.ActiveCfg = Debug|Any CPU
		{273084D8-2FAD-4F75-BC58-E0745024B254}.Debug|Any CPU.Build.0 = Debug|Any CPU
		{273084D8-2FAD-4F75-BC58-E0745024B254}.Release|Any CPU.ActiveCfg = Release|Any CPU
		{273084D8-2FAD-4F75-BC58-E0745024B254}.Release|Any CPU.Build.0 = Release|Any CPU
		{0D56B9FA-EF64-4E69-9043-0C7E557339D2}.Debug|Any CPU.ActiveCfg = Debug|Any CPU
		{0D56B9FA-EF64-4E69-9043-0C7E557339D2}.Debug|Any CPU.Build.0 = Debug|Any CPU
		{0D56B9FA-EF64-4E69-9043-0C7E557339D2}.Release|Any CPU.ActiveCfg = Release|Any CPU
		{0D56B9FA-EF64-4E69-9043-0C7E557339D2}.Release|Any CPU.Build.0 = Release|Any CPU
		{301E9315-4B32-41A2-8F78-983418ED8313}.Debug|Any CPU.ActiveCfg = Debug|Any CPU
		{301E9315-4B32-41A2-8F78-983418ED8313}.Debug|Any CPU.Build.0 = Debug|Any CPU
		{301E9315-4B32-41A2-8F78-983418ED8313}.Release|Any CPU.ActiveCfg = Release|Any CPU
		{301E9315-4B32-41A2-8F78-983418ED8313}.Release|Any CPU.Build.0 = Release|Any CPU
	EndGlobalSection
	GlobalSection(SolutionProperties) = preSolution
		HideSolutionNode = FALSE
	EndGlobalSection
	GlobalSection(ExtensibilityGlobals) = postSolution
		SolutionGuid = {990075C7-A3B6-4E1D-8592-29954331B63B}
	EndGlobalSection
EndGlobal
